
Microsoft Visual Studio Solution File, Format Version 12.00
# Visual Studio Version 16
VisualStudioVersion = 16.0.30611.23
MinimumVisualStudioVersion = 10.0.40219.1
Project("{8BC9CEB8-8B4A-11D0-8D11-00A0C91BC942}") = "Simple_Charge_Level", "Simple_Charge_Level\Simple_Charge_Level.vcxproj", "{7EEFFF4F-CA5F-4F8F-BCC3-E6F1923C1336}"
EndProject
Project("{54435603-DBB4-11D2-8724-00A0C9A8B90C}") = "Setup", "Setup\Setup.vdproj", "{6C4BFCCF-2134-404F-A2B5-2AD13A2B56BE}"
EndProject
Global
	GlobalSection(SolutionConfigurationPlatforms) = preSolution
		Debug|x64 = Debug|x64
		Debug|x86 = Debug|x86
		Release|x64 = Release|x64
		Release|x86 = Release|x86
	EndGlobalSection
	GlobalSection(ProjectConfigurationPlatforms) = postSolution
		{7EEFFF4F-CA5F-4F8F-BCC3-E6F1923C1336}.Debug|x64.ActiveCfg = Debug|x64
		{7EEFFF4F-CA5F-4F8F-BCC3-E6F1923C1336}.Debug|x64.Build.0 = Debug|x64
		{7EEFFF4F-CA5F-4F8F-BCC3-E6F1923C1336}.Debug|x86.ActiveCfg = Debug|Win32
		{7EEFFF4F-CA5F-4F8F-BCC3-E6F1923C1336}.Debug|x86.Build.0 = Debug|Win32
		{7EEFFF4F-CA5F-4F8F-BCC3-E6F1923C1336}.Release|x64.ActiveCfg = Release|x64
		{7EEFFF4F-CA5F-4F8F-BCC3-E6F1923C1336}.Release|x64.Build.0 = Release|x64
		{7EEFFF4F-CA5F-4F8F-BCC3-E6F1923C1336}.Release|x86.ActiveCfg = Release|Win32
		{7EEFFF4F-CA5F-4F8F-BCC3-E6F1923C1336}.Release|x86.Build.0 = Release|Win32
		{6C4BFCCF-2134-404F-A2B5-2AD13A2B56BE}.Debug|x64.ActiveCfg = Debug
		{6C4BFCCF-2134-404F-A2B5-2AD13A2B56BE}.Debug|x86.ActiveCfg = Debug
		{6C4BFCCF-2134-404F-A2B5-2AD13A2B56BE}.Debug|x86.Build.0 = Debug
		{6C4BFCCF-2134-404F-A2B5-2AD13A2B56BE}.Release|x64.ActiveCfg = Release
		{6C4BFCCF-2134-404F-A2B5-2AD13A2B56BE}.Release|x86.ActiveCfg = Release
	EndGlobalSection
	GlobalSection(SolutionProperties) = preSolution
		HideSolutionNode = FALSE
	EndGlobalSection
	GlobalSection(ExtensibilityGlobals) = postSolution
		SolutionGuid = {2C12522A-7600-4B27-AADD-374BA0BC89E0}
	EndGlobalSection
EndGlobal
