<?xml version="1.0" encoding="utf-8"?>
<Project ToolsVersion="4.0" xmlns="http://schemas.microsoft.com/developer/msbuild/2003">
  <ItemGroup>
    <Filter Include="Source Files">
      <UniqueIdentifier>{4FC737F1-C7A5-4376-A066-2A32D752A2FF}</UniqueIdentifier>
      <Extensions>cpp;c;cc;cxx;def;odl;idl;hpj;bat;asm;asmx</Extensions>
    </Filter>
    <Filter Include="Header Files">
      <UniqueIdentifier>{93995380-89BD-4b04-88EB-625FBE52EBFB}</UniqueIdentifier>
      <Extensions>h;hh;hpp;hxx;hm;inl;inc;ipp;xsd</Extensions>
    </Filter>
    <Filter Include="Resource Files">
      <UniqueIdentifier>{67DA6AB6-F800-4c08-8B7A-83BB121AAD01}</UniqueIdentifier>
      <Extensions>rc;ico;cur;bmp;dlg;rc2;rct;bin;rgs;gif;jpg;jpeg;jpe;resx;tiff;tif;png;wav;mfcribbon-ms</Extensions>
    </Filter>
  </ItemGroup>
  <ItemGroup>
    <ClCompile Include="main.c">
      <Filter>Source Files</Filter>
    </ClCompile>
    <ClCompile Include="editeur.c">
      <Filter>Source Files</Filter>
    </ClCompile>
    <ClCompile Include="fichiers.c">
      <Filter>Source Files</Filter>
    </ClCompile>
    <ClCompile Include="jeu.c">
      <Filter>Source Files</Filter>
    </ClCompile>
    <ClCompile Include="main (2).c">
      <Filter>Source Files</Filter>
    </ClCompile>
  </ItemGroup>
  <ItemGroup>
    <ClInclude Include="constantes.h">
      <Filter>Header Files</Filter>
    </ClInclude>
    <ClInclude Include="editeur.h">
      <Filter>Header Files</Filter>
    </ClInclude>
    <ClInclude Include="fichiers.h">
      <Filter>Header Files</Filter>
    </ClInclude>
    <ClInclude Include="jeu.h">
      <Filter>Header Files</Filter>
    </ClInclude>
  </ItemGroup>
  <ItemGroup>
    <Image Include="caisse.jpg">
      <Filter>Resource Files</Filter>
    </Image>
    <Image Include="caisse_ok.jpg">
      <Filter>Resource Files</Filter>
    </Image>
    <Image Include="mario_bas.gif">
      <Filter>Resource Files</Filter>
    </Image>
    <Image Include="mario_droite.gif">
      <Filter>Resource Files</Filter>
    </Image>
    <Image Include="mario_gauche.gif">
      <Filter>Resource Files</Filter>
    </Image>
    <Image Include="mario_haut.gif">
      <Filter>Resource Files</Filter>
    </Image>
    <Image Include="menu.jpg">
      <Filter>Resource Files</Filter>
    </Image>
    <Image Include="mur.jpg">
      <Filter>Resource Files</Filter>
    </Image>
    <Image Include="objectif.png">
      <Filter>Resource Files</Filter>
    </Image>
  </ItemGroup>
  <ItemGroup>
    <None Include="niveaux.lvl">
      <Filter>Resource Files</Filter>
    </None>
  </ItemGroup>
</Project>